Microsoft Visual Studio Solution File, Format Version 12.00
# Visual Studio 2012
Project("{FAE04EC0-301F-11D3-BF4B-00C04F79EFBC}") = "ParkWalk", "ParkWalk.csproj", "{398A6BE4-2B5A-452E-97F7-6E9544941F24}"
EndProject
Global
	GlobalSection(SolutionConfigurationPlatforms) = preSolution
	Debug|Any CPU = Debug|Any CPU
	ExportDebug|Any CPU = ExportDebug|Any CPU
	ExportRelease|Any CPU = ExportRelease|Any CPU
	EndGlobalSection
	GlobalSection(ProjectConfigurationPlatforms) = postSolution
		{398A6BE4-2B5A-452E-97F7-6E9544941F24}.Debug|Any CPU.ActiveCfg = Debug|Any CPU
		{398A6BE4-2B5A-452E-97F7-6E9544941F24}.Debug|Any CPU.Build.0 = Debug|Any CPU
		{398A6BE4-2B5A-452E-97F7-6E9544941F24}.ExportDebug|Any CPU.ActiveCfg = ExportDebug|Any CPU
		{398A6BE4-2B5A-452E-97F7-6E9544941F24}.ExportDebug|Any CPU.Build.0 = ExportDebug|Any CPU
		{398A6BE4-2B5A-452E-97F7-6E9544941F24}.ExportRelease|Any CPU.ActiveCfg = ExportRelease|Any CPU
		{398A6BE4-2B5A-452E-97F7-6E9544941F24}.ExportRelease|Any CPU.Build.0 = ExportRelease|Any CPU
	EndGlobalSection
EndGlobal
